
Microsoft Visual Studio Solution File, Format Version 12.00
# Visual Studio Version 16
VisualStudioVersion = 16.0.29209.62
MinimumVisualStudioVersion = 10.0.40219.1
Project("{FAE04EC0-301F-11D3-BF4B-00C04F79EFBC}") = "BuyBanana", "BuyBanana\BuyBanana.csproj", "{F186018B-E4E3-411B-B574-C5BEDECE3716}"
EndProject
Global
	GlobalSection(SolutionConfigurationPlatforms) = preSolution
		Debug|Any CPU = Debug|Any CPU
		Release|Any CPU = Release|Any CPU
	EndGlobalSection
	GlobalSection(ProjectConfigurationPlatforms) = postSolution
		{F186018B-E4E3-411B-B574-C5BEDECE3716}.Debug|Any CPU.ActiveCfg = Debug|Any CPU
		{F186018B-E4E3-411B-B574-C5BEDECE3716}.Debug|Any CPU.Build.0 = Debug|Any CPU
		{F186018B-E4E3-411B-B574-C5BEDECE3716}.Release|Any CPU.ActiveCfg = Release|Any CPU
		{F186018B-E4E3-411B-B574-C5BEDECE3716}.Release|Any CPU.Build.0 = Release|Any CPU
	EndGlobalSection
	GlobalSection(SolutionProperties) = preSolution
		HideSolutionNode = FALSE
	EndGlobalSection
	GlobalSection(ExtensibilityGlobals) = postSolution
		SolutionGuid = {5F1810C2-F89C-4D5E-9BCC-96B0E1CDEFCD}
	EndGlobalSection
EndGlobal
